// !$*UTF8*$!
{
	archiveVersion = 1;
	classes = {
	};
	objectVersion = 50;
	objects = {

/* Begin PBXBuildFile section */
		E3FBB735255FED97007501C6 /* AppDelegate.swift in Sources */ = {isa = PBXBuildFile; fileRef = E3FBB734255FED97007501C6 /* AppDelegate.swift */; };
		E3FBB737255FED97007501C6 /* SceneDelegate.swift in Sources */ = {isa = PBXBuildFile; fileRef = E3FBB736255FED97007501C6 /* SceneDelegate.swift */; };
		E3FBB739255FED97007501C6 /* ViewController.swift in Sources */ = {isa = PBXBuildFile; fileRef = E3FBB738255FED97007501C6 /* ViewController.swift */; };
		E3FBB73C255FED97007501C6 /* Main.storyboard in Resources */ = {isa = PBXBuildFile; fileRef = E3FBB73A255FED97007501C6 /* Main.storyboard */; };
		E3FBB73E255FED99007501C6 /* Assets.xcassets in Resources */ = {isa = PBXBuildFile; fileRef = E3FBB73D255FED99007501C6 /* Assets.xcassets */; };
		E3FBB741255FED99007501C6 /* LaunchScreen.storyboard in Resources */ = {isa = PBXBuildFile; fileRef = E3FBB73F255FED99007501C6 /* LaunchScreen.storyboard */; };
		E3FBB74F255FEE39007501C6 /* Interface.storyboard in Resources */ = {isa = PBXBuildFile; fileRef = E3FBB74D255FEE39007501C6 /* Interface.storyboard */; };
		E3FBB751255FEE3B007501C6 /* Assets.xcassets in Resources */ = {isa = PBXBuildFile; fileRef = E3FBB750255FEE3B007501C6 /* Assets.xcassets */; };
		E3FBB758255FEE3B007501C6 /* WithWacthApp01 Extension.appex in Embed App Extensions */ = {isa = PBXBuildFile; fileRef = E3FBB757255FEE3B007501C6 /* WithWacthApp01 Extension.appex */; settings = {ATTRIBUTES = (RemoveHeadersOnCopy, ); }; };
		E3FBB75D255FEE3B007501C6 /* InterfaceController.swift in Sources */ = {isa = PBXBuildFile; fileRef = E3FBB75C255FEE3B007501C6 /* InterfaceController.swift */; };
		E3FBB75F255FEE3B007501C6 /* ExtensionDelegate.swift in Sources */ = {isa = PBXBuildFile; fileRef = E3FBB75E255FEE3B007501C6 /* ExtensionDelegate.swift */; };
		E3FBB761255FEE3B007501C6 /* NotificationController.swift in Sources */ = {isa = PBXBuildFile; fileRef = E3FBB760255FEE3B007501C6 /* NotificationController.swift */; };
		E3FBB763255FEE3B007501C6 /* ComplicationController.swift in Sources */ = {isa = PBXBuildFile; fileRef = E3FBB762255FEE3B007501C6 /* ComplicationController.swift */; };
		E3FBB765255FEE3B007501C6 /* Assets.xcassets in Resources */ = {isa = PBXBuildFile; fileRef = E3FBB764255FEE3B007501C6 /* Assets.xcassets */; };
		E3FBB76A255FEE3B007501C6 /* WithWacthApp01.app in Embed Watch Content */ = {isa = PBXBuildFile; fileRef = E3FBB74B255FEE39007501C6 /* WithWacthApp01.app */; settings = {ATTRIBUTES = (RemoveHeadersOnCopy, ); }; };
/* End PBXBuildFile section */

/* Begin PBXContainerItemProxy section */
		E3FBB759255FEE3B007501C6 /* PBXContainerItemProxy */ = {
			isa = PBXContainerItemProxy;
			containerPortal = E3FBB729255FED97007501C6 /* Project object */;
			proxyType = 1;
			remoteGlobalIDString = E3FBB756255FEE3B007501C6;
			remoteInfo = "WithWacthApp01 Extension";
		};
		E3FBB768255FEE3B007501C6 /* PBXContainerItemProxy */ = {
			isa = PBXContainerItemProxy;
			containerPortal = E3FBB729255FED97007501C6 /* Project object */;
			proxyType = 1;
			remoteGlobalIDString = E3FBB74A255FEE39007501C6;
			remoteInfo = WithWacthApp01;
		};
/* End PBXContainerItemProxy section */

/* Begin PBXCopyFilesBuildPhase section */
		E3FBB76E255FEE3B007501C6 /* Embed App Extensions */ = {
			isa = PBXCopyFilesBuildPhase;
			buildActionMask = 2147483647;
			dstPath = "";
			dstSubfolderSpec = 13;
			files = (
				E3FBB758255FEE3B007501C6 /* WithWacthApp01 Extension.appex in Embed App Extensions */,
			);
			name = "Embed App Extensions";
			runOnlyForDeploymentPostprocessing = 0;
		};
		E3FBB772255FEE3B007501C6 /* Embed Watch Content */ = {
			isa = PBXCopyFilesBuildPhase;
			buildActionMask = 2147483647;
			dstPath = "$(CONTENTS_FOLDER_PATH)/Watch";
			dstSubfolderSpec = 16;
			files = (
				E3FBB76A255FEE3B007501C6 /* WithWacthApp01.app in Embed Watch Content */,
			);
			name = "Embed Watch Content";
			runOnlyForDeploymentPostprocessing = 0;
		};
/* End PBXCopyFilesBuildPhase section */

/* Begin PBXFileReference section */
		E3FBB731255FED97007501C6 /* WithWacth01.app */ = {isa = PBXFileReference; explicitFileType = wrapper.application; includeInIndex = 0; path = WithWacth01.app; sourceTree = BUILT_PRODUCTS_DIR; };
		E3FBB734255FED97007501C6 /* AppDelegate.swift */ = {isa = PBXFileReference; lastKnownFileType = sourcecode.swift; path = AppDelegate.swift; sourceTree = "<group>"; };
		E3FBB736255FED97007501C6 /* SceneDelegate.swift */ = {isa = PBXFileReference; lastKnownFileType = sourcecode.swift; path = SceneDelegate.swift; sourceTree = "<group>"; };
		E3FBB738255FED97007501C6 /* ViewController.swift */ = {isa = PBXFileReference; lastKnownFileType = sourcecode.swift; path = ViewController.swift; sourceTree = "<group>"; };
		E3FBB73B255FED97007501C6 /* Base */ = {isa = PBXFileReference; lastKnownFileType = file.storyboard; name = Base; path = Base.lproj/Main.storyboard; sourceTree = "<group>"; };
		E3FBB73D255FED99007501C6 /* Assets.xcassets */ = {isa = PBXFileReference; lastKnownFileType = folder.assetcatalog; path = Assets.xcassets; sourceTree = "<group>"; };
		E3FBB740255FED99007501C6 /* Base */ = {isa = PBXFileReference; lastKnownFileType = file.storyboard; name = Base; path = Base.lproj/LaunchScreen.storyboard; sourceTree = "<group>"; };
		E3FBB742255FED99007501C6 /* Info.plist */ = {isa = PBXFileReference; lastKnownFileType = text.plist.xml; path = Info.plist; sourceTree = "<group>"; };
		E3FBB74B255FEE39007501C6 /* WithWacthApp01.app */ = {isa = PBXFileReference; explicitFileType = wrapper.application; includeInIndex = 0; path = WithWacthApp01.app; sourceTree = BUILT_PRODUCTS_DIR; };
		E3FBB74E255FEE39007501C6 /* Base */ = {isa = PBXFileReference; lastKnownFileType = file.storyboard; name = Base; path = Base.lproj/Interface.storyboard; sourceTree = "<group>"; };
		E3FBB750255FEE3B007501C6 /* Assets.xcassets */ = {isa = PBXFileReference; lastKnownFileType = folder.assetcatalog; path = Assets.xcassets; sourceTree = "<group>"; };
		E3FBB752255FEE3B007501C6 /* Info.plist */ = {isa = PBXFileReference; lastKnownFileType = text.plist.xml; path = Info.plist; sourceTree = "<group>"; };
		E3FBB757255FEE3B007501C6 /* WithWacthApp01 Extension.appex */ = {isa = PBXFileReference; explicitFileType = "wrapper.app-extension"; includeInIndex = 0; path = "WithWacthApp01 Extension.appex"; sourceTree = BUILT_PRODUCTS_DIR; };
		E3FBB75C255FEE3B007501C6 /* InterfaceController.swift */ = {isa = PBXFileReference; lastKnownFileType = sourcecode.swift; path = InterfaceController.swift; sourceTree = "<group>"; };
		E3FBB75E255FEE3B007501C6 /* ExtensionDelegate.swift */ = {isa = PBXFileReference; lastKnownFileType = sourcecode.swift; path = ExtensionDelegate.swift; sourceTree = "<group>"; };
		E3FBB760255FEE3B007501C6 /* NotificationController.swift */ = {isa = PBXFileReference; lastKnownFileType = sourcecode.swift; path = NotificationController.swift; sourceTree = "<group>"; };
		E3FBB762255FEE3B007501C6 /* ComplicationController.swift */ = {isa = PBXFileReference; lastKnownFileType = sourcecode.swift; path = ComplicationController.swift; sourceTree = "<group>"; };
		E3FBB764255FEE3B007501C6 /* Assets.xcassets */ = {isa = PBXFileReference; lastKnownFileType = folder.assetcatalog; path = Assets.xcassets; sourceTree = "<group>"; };
		E3FBB766255FEE3B007501C6 /* Info.plist */ = {isa = PBXFileReference; lastKnownFileType = text.plist.xml; path = Info.plist; sourceTree = "<group>"; };
		E3FBB767255FEE3B007501C6 /* PushNotificationPayload.apns */ = {isa = PBXFileReference; lastKnownFileType = text; path = PushNotificationPayload.apns; sourceTree = "<group>"; };
/* End PBXFileReference section */

/* Begin PBXFrameworksBuildPhase section */
		E3FBB72E255FED97007501C6 /* Frameworks */ = {
			isa = PBXFrameworksBuildPhase;
			buildActionMask = 2147483647;
			files = (
			);
			runOnlyForDeploymentPostprocessing = 0;
		};
		E3FBB754255FEE3B007501C6 /* Frameworks */ = {
			isa = PBXFrameworksBuildPhase;
			buildActionMask = 2147483647;
			files = (
			);
			runOnlyForDeploymentPostprocessing = 0;
		};
/* End PBXFrameworksBuildPhase section */

/* Begin PBXGroup section */
		E3FBB728255FED97007501C6 = {
			isa = PBXGroup;
			children = (
				E3FBB733255FED97007501C6 /* WithWacth01 */,
				E3FBB74C255FEE39007501C6 /* WithWacthApp01 */,
				E3FBB75B255FEE3B007501C6 /* WithWacthApp01 Extension */,
				E3FBB732255FED97007501C6 /* Products */,
			);
			sourceTree = "<group>";
		};
		E3FBB732255FED97007501C6 /* Products */ = {
			isa = PBXGroup;
			children = (
				E3FBB731255FED97007501C6 /* WithWacth01.app */,
				E3FBB74B255FEE39007501C6 /* WithWacthApp01.app */,
				E3FBB757255FEE3B007501C6 /* WithWacthApp01 Extension.appex */,
			);
			name = Products;
			sourceTree = "<group>";
		};
		E3FBB733255FED97007501C6 /* WithWacth01 */ = {
			isa = PBXGroup;
			children = (
				E3FBB734255FED97007501C6 /* AppDelegate.swift */,
				E3FBB736255FED97007501C6 /* SceneDelegate.swift */,
				E3FBB738255FED97007501C6 /* ViewController.swift */,
				E3FBB73A255FED97007501C6 /* Main.storyboard */,
				E3FBB73D255FED99007501C6 /* Assets.xcassets */,
				E3FBB73F255FED99007501C6 /* LaunchScreen.storyboard */,
				E3FBB742255FED99007501C6 /* Info.plist */,
			);
			path = WithWacth01;
			sourceTree = "<group>";
		};
		E3FBB74C255FEE39007501C6 /* WithWacthApp01 */ = {
			isa = PBXGroup;
			children = (
				E3FBB74D255FEE39007501C6 /* Interface.storyboard */,
				E3FBB750255FEE3B007501C6 /* Assets.xcassets */,
				E3FBB752255FEE3B007501C6 /* Info.plist */,
			);
			path = WithWacthApp01;
			sourceTree = "<group>";
		};
		E3FBB75B255FEE3B007501C6 /* WithWacthApp01 Extension */ = {
			isa = PBXGroup;
			children = (
				E3FBB75C255FEE3B007501C6 /* InterfaceController.swift */,
				E3FBB75E255FEE3B007501C6 /* ExtensionDelegate.swift */,
				E3FBB760255FEE3B007501C6 /* NotificationController.swift */,
				E3FBB762255FEE3B007501C6 /* ComplicationController.swift */,
				E3FBB764255FEE3B007501C6 /* Assets.xcassets */,
				E3FBB766255FEE3B007501C6 /* Info.plist */,
				E3FBB767255FEE3B007501C6 /* PushNotificationPayload.apns */,
			);
			path = "WithWacthApp01 Extension";
			sourceTree = "<group>";
		};
/* End PBXGroup section */

/* Begin PBXNativeTarget section */
		E3FBB730255FED97007501C6 /* WithWacth01 */ = {
			isa = PBXNativeTarget;
			buildConfigurationList = E3FBB745255FED99007501C6 /* Build configuration list for PBXNativeTarget "WithWacth01" */;
			buildPhases = (
				E3FBB72D255FED97007501C6 /* Sources */,
				E3FBB72E255FED97007501C6 /* Frameworks */,
				E3FBB72F255FED97007501C6 /* Resources */,
				E3FBB772255FEE3B007501C6 /* Embed Watch Content */,
			);
			buildRules = (
			);
			dependencies = (
				E3FBB769255FEE3B007501C6 /* PBXTargetDependency */,
			);
			name = WithWacth01;
			productName = WithWacth01;
			productReference = E3FBB731255FED97007501C6 /* WithWacth01.app */;
			productType = "com.apple.product-type.application";
		};
		E3FBB74A255FEE39007501C6 /* WithWacthApp01 */ = {
			isa = PBXNativeTarget;
			buildConfigurationList = E3FBB76F255FEE3B007501C6 /* Build configuration list for PBXNativeTarget "WithWacthApp01" */;
			buildPhases = (
				E3FBB749255FEE39007501C6 /* Resources */,
				E3FBB76E255FEE3B007501C6 /* Embed App Extensions */,
			);
			buildRules = (
			);
			dependencies = (
				E3FBB75A255FEE3B007501C6 /* PBXTargetDependency */,
			);
			name = WithWacthApp01;
			productName = WithWacthApp01;
			productReference = E3FBB74B255FEE39007501C6 /* WithWacthApp01.app */;
			productType = "com.apple.product-type.application.watchapp2";
		};
		E3FBB756255FEE3B007501C6 /* WithWacthApp01 Extension */ = {
			isa = PBXNativeTarget;
			buildConfigurationList = E3FBB76B255FEE3B007501C6 /* Build configuration list for PBXNativeTarget "WithWacthApp01 Extension" */;
			buildPhases = (
				E3FBB753255FEE3B007501C6 /* Sources */,
				E3FBB754255FEE3B007501C6 /* Frameworks */,
				E3FBB755255FEE3B007501C6 /* Resources */,
			);
			buildRules = (
			);
			dependencies = (
			);
			name = "WithWacthApp01 Extension";
			productName = "WithWacthApp01 Extension";
			productReference = E3FBB757255FEE3B007501C6 /* WithWacthApp01 Extension.appex */;
			productType = "com.apple.product-type.watchkit2-extension";
		};
/* End PBXNativeTarget section */

/* Begin PBXProject section */
		E3FBB729255FED97007501C6 /* Project object */ = {
			isa = PBXProject;
			attributes = {
				LastSwiftUpdateCheck = 1210;
				LastUpgradeCheck = 1210;
				TargetAttributes = {
					E3FBB730255FED97007501C6 = {
						CreatedOnToolsVersion = 12.1;
					};
					E3FBB74A255FEE39007501C6 = {
						CreatedOnToolsVersion = 12.1;
					};
					E3FBB756255FEE3B007501C6 = {
						CreatedOnToolsVersion = 12.1;
					};
				};
			};
			buildConfigurationList = E3FBB72C255FED97007501C6 /* Build configuration list for PBXProject "WithWacth01" */;
			compatibilityVersion = "Xcode 9.3";
			developmentRegion = en;
			hasScannedForEncodings = 0;
			knownRegions = (
				en,
				Base,
			);
			mainGroup = E3FBB728255FED97007501C6;
			productRefGroup = E3FBB732255FED97007501C6 /* Products */;
			projectDirPath = "";
			projectRoot = "";
			targets = (
				E3FBB730255FED97007501C6 /* WithWacth01 */,
				E3FBB74A255FEE39007501C6 /* WithWacthApp01 */,
				E3FBB756255FEE3B007501C6 /* WithWacthApp01 Extension */,
			);
		};
/* End PBXProject section */

/* Begin PBXResourcesBuildPhase section */
		E3FBB72F255FED97007501C6 /* Resources */ = {
			isa = PBXResourcesBuildPhase;
			buildActionMask = 2147483647;
			files = (
				E3FBB741255FED99007501C6 /* LaunchScreen.storyboard in Resources */,
				E3FBB73E255FED99007501C6 /* Assets.xcassets in Resources */,
				E3FBB73C255FED97007501C6 /* Main.storyboard in Resources */,
			);
			runOnlyForDeploymentPostprocessing = 0;
		};
		E3FBB749255FEE39007501C6 /* Resources */ = {
			isa = PBXResourcesBuildPhase;
			buildActionMask = 2147483647;
			files = (
				E3FBB751255FEE3B007501C6 /* Assets.xcassets in Resources */,
				E3FBB74F255FEE39007501C6 /* Interface.storyboard in Resources */,
			);
			runOnlyForDeploymentPostprocessing = 0;
		};
		E3FBB755255FEE3B007501C6 /* Resources */ = {
			isa = PBXResourcesBuildPhase;
			buildActionMask = 2147483647;
			files = (
				E3FBB765255FEE3B007501C6 /* Assets.xcassets in Resources */,
			);
			runOnlyForDeploymentPostprocessing = 0;
		};
/* End PBXResourcesBuildPhase section */

/* Begin PBXSourcesBuildPhase section */
		E3FBB72D255FED97007501C6 /* Sources */ = {
			isa = PBXSourcesBuildPhase;
			buildActionMask = 2147483647;
			files = (
				E3FBB739255FED97007501C6 /* ViewController.swift in Sources */,
				E3FBB735255FED97007501C6 /* AppDelegate.swift in Sources */,
				E3FBB737255FED97007501C6 /* SceneDelegate.swift in Sources */,
			);
			runOnlyForDeploymentPostprocessing = 0;
		};
		E3FBB753255FEE3B007501C6 /* Sources */ = {
			isa = PBXSourcesBuildPhase;
			buildActionMask = 2147483647;
			files = (
				E3FBB761255FEE3B007501C6 /* NotificationController.swift in Sources */,
				E3FBB763255FEE3B007501C6 /* ComplicationController.swift in Sources */,
				E3FBB75F255FEE3B007501C6 /* ExtensionDelegate.swift in Sources */,
				E3FBB75D255FEE3B007501C6 /* InterfaceController.swift in Sources */,
			);
			runOnlyForDeploymentPostprocessing = 0;
		};
/* End PBXSourcesBuildPhase section */

/* Begin PBXTargetDependency section */
		E3FBB75A255FEE3B007501C6 /* PBXTargetDependency */ = {
			isa = PBXTargetDependency;
			target = E3FBB756255FEE3B007501C6 /* WithWacthApp01 Extension */;
			targetProxy = E3FBB759255FEE3B007501C6 /* PBXContainerItemProxy */;
		};
		E3FBB769255FEE3B007501C6 /* PBXTargetDependency */ = {
			isa = PBXTargetDependency;
			target = E3FBB74A255FEE39007501C6 /* WithWacthApp01 */;
			targetProxy = E3FBB768255FEE3B007501C6 /* PBXContainerItemProxy */;
		};
/* End PBXTargetDependency section */

/* Begin PBXVariantGroup section */
		E3FBB73A255FED97007501C6 /* Main.storyboard */ = {
			isa = PBXVariantGroup;
			children = (
				E3FBB73B255FED97007501C6 /* Base */,
			);
			name = Main.storyboard;
			sourceTree = "<group>";
		};
		E3FBB73F255FED99007501C6 /* LaunchScreen.storyboard */ = {
			isa = PBXVariantGroup;
			children = (
				E3FBB740255FED99007501C6 /* Base */,
			);
			name = LaunchScreen.storyboard;
			sourceTree = "<group>";
		};
		E3FBB74D255FEE39007501C6 /* Interface.storyboard */ = {
			isa = PBXVariantGroup;
			children = (
				E3FBB74E255FEE39007501C6 /* Base */,
			);
			name = Interface.storyboard;
			sourceTree = "<group>";
		};
/* End PBXVariantGroup section */

/* Begin XCBuildConfiguration section */
		E3FBB743255FED99007501C6 /* Debug */ = {
			isa = XCBuildConfiguration;
			buildSettings = {
				ALWAYS_SEARCH_USER_PATHS = NO;
				CLANG_ANALYZER_NONNULL = YES;
				CLANG_ANALYZER_NUMBER_OBJECT_CONVERSION = YES_AGGRESSIVE;
				CLANG_CXX_LANGUAGE_STANDARD = "gnu++14";
				CLANG_CXX_LIBRARY = "libc++";
				CLANG_ENABLE_MODULES = YES;
				CLANG_ENABLE_OBJC_ARC = YES;
				CLANG_ENABLE_OBJC_WEAK = YES;
				CLANG_WARN_BLOCK_CAPTURE_AUTORELEASING = YES;
				CLANG_WARN_BOOL_CONVERSION = YES;
				CLANG_WARN_COMMA = YES;
				CLANG_WARN_CONSTANT_CONVERSION = YES;
				CLANG_WARN_DEPRECATED_OBJC_IMPLEMENTATIONS = YES;
				CLANG_WARN_DIRECT_OBJC_ISA_USAGE = YES_ERROR;
				CLANG_WARN_DOCUMENTATION_COMMENTS = YES;
				CLANG_WARN_EMPTY_BODY = YES;
				CLANG_WARN_ENUM_CONVERSION = YES;
				CLANG_WARN_INFINITE_RECURSION = YES;
				CLANG_WARN_INT_CONVERSION = YES;
				CLANG_WARN_NON_LITERAL_NULL_CONVERSION = YES;
				CLANG_WARN_OBJC_IMPLICIT_RETAIN_SELF = YES;
				CLANG_WARN_OBJC_LITERAL_CONVERSION = YES;
				CLANG_WARN_OBJC_ROOT_CLASS = YES_ERROR;
				CLANG_WARN_QUOTED_INCLUDE_IN_FRAMEWORK_HEADER = YES;
				CLANG_WARN_RANGE_LOOP_ANALYSIS = YES;
				CLANG_WARN_STRICT_PROTOTYPES = YES;
				CLANG_WARN_SUSPICIOUS_MOVE = YES;
				CLANG_WARN_UNGUARDED_AVAILABILITY = YES_AGGRESSIVE;
				CLANG_WARN_UNREACHABLE_CODE = YES;
				CLANG_WARN__DUPLICATE_METHOD_MATCH = YES;
				COPY_PHASE_STRIP = NO;
				DEBUG_INFORMATION_FORMAT = dwarf;
				ENABLE_STRICT_OBJC_MSGSEND = YES;
				ENABLE_TESTABILITY = YES;
				GCC_C_LANGUAGE_STANDARD = gnu11;
				GCC_DYNAMIC_NO_PIC = NO;
				GCC_NO_COMMON_BLOCKS = YES;
				GCC_OPTIMIZATION_LEVEL = 0;
				GCC_PREPROCESSOR_DEFINITIONS = (
					"DEBUG=1",
					"$(inherited)",
				);
				GCC_WARN_64_TO_32_BIT_CONVERSION = YES;
				GCC_WARN_ABOUT_RETURN_TYPE = YES_ERROR;
				GCC_WARN_UNDECLARED_SELECTOR = YES;
				GCC_WARN_UNINITIALIZED_AUTOS = YES_AGGRESSIVE;
				GCC_WARN_UNUSED_FUNCTION = YES;
				GCC_WARN_UNUSED_VARIABLE = YES;
				IPHONEOS_DEPLOYMENT_TARGET = 14.1;
				MTL_ENABLE_DEBUG_INFO = INCLUDE_SOURCE;
				MTL_FAST_MATH = YES;
				ONLY_ACTIVE_ARCH = YES;
				SDKROOT = iphoneos;
				SWIFT_ACTIVE_COMPILATION_CONDITIONS = DEBUG;
				SWIFT_OPTIMIZATION_LEVEL = "-Onone";
			};
			name = Debug;
		};
		E3FBB744255FED99007501C6 /* Release */ = {
			isa = XCBuildConfiguration;
			buildSettings = {
				ALWAYS_SEARCH_USER_PATHS = NO;
				CLANG_ANALYZER_NONNULL = YES;
				CLANG_ANALYZER_NUMBER_OBJECT_CONVERSION = YES_AGGRESSIVE;
				CLANG_CXX_LANGUAGE_STANDARD = "gnu++14";
				CLANG_CXX_LIBRARY = "libc++";
				CLANG_ENABLE_MODULES = YES;
				CLANG_ENABLE_OBJC_ARC = YES;
				CLANG_ENABLE_OBJC_WEAK = YES;
				CLANG_WARN_BLOCK_CAPTURE_AUTORELEASING = YES;
				CLANG_WARN_BOOL_CONVERSION = YES;
				CLANG_WARN_COMMA = YES;
				CLANG_WARN_CONSTANT_CONVERSION = YES;
				CLANG_WARN_DEPRECATED_OBJC_IMPLEMENTATIONS = YES;
				CLANG_WARN_DIRECT_OBJC_ISA_USAGE = YES_ERROR;
				CLANG_WARN_DOCUMENTATION_COMMENTS = YES;
				CLANG_WARN_EMPTY_BODY = YES;
				CLANG_WARN_ENUM_CONVERSION = YES;
				CLANG_WARN_INFINITE_RECURSION = YES;
				CLANG_WARN_INT_CONVERSION = YES;
				CLANG_WARN_NON_LITERAL_NULL_CONVERSION = YES;
				CLANG_WARN_OBJC_IMPLICIT_RETAIN_SELF = YES;
				CLANG_WARN_OBJC_LITERAL_CONVERSION = YES;
				CLANG_WARN_OBJC_ROOT_CLASS = YES_ERROR;
				CLANG_WARN_QUOTED_INCLUDE_IN_FRAMEWORK_HEADER = YES;
				CLANG_WARN_RANGE_LOOP_ANALYSIS = YES;
				CLANG_WARN_STRICT_PROTOTYPES = YES;
				CLANG_WARN_SUSPICIOUS_MOVE = YES;
				CLANG_WARN_UNGUARDED_AVAILABILITY = YES_AGGRESSIVE;
				CLANG_WARN_UNREACHABLE_CODE = YES;
				CLANG_WARN__DUPLICATE_METHOD_MATCH = YES;
				COPY_PHASE_STRIP = NO;
				DEBUG_INFORMATION_FORMAT = "dwarf-with-dsym";
				ENABLE_NS_ASSERTIONS = NO;
				ENABLE_STRICT_OBJC_MSGSEND = YES;
				GCC_C_LANGUAGE_STANDARD = gnu11;
				GCC_NO_COMMON_BLOCKS = YES;
				GCC_WARN_64_TO_32_BIT_CONVERSION = YES;
				GCC_WARN_ABOUT_RETURN_TYPE = YES_ERROR;
				GCC_WARN_UNDECLARED_SELECTOR = YES;
				GCC_WARN_UNINITIALIZED_AUTOS = YES_AGGRESSIVE;
				GCC_WARN_UNUSED_FUNCTION = YES;
				GCC_WARN_UNUSED_VARIABLE = YES;
				IPHONEOS_DEPLOYMENT_TARGET = 14.1;
				MTL_ENABLE_DEBUG_INFO = NO;
				MTL_FAST_MATH = YES;
				SDKROOT = iphoneos;
				SWIFT_COMPILATION_MODE = wholemodule;
				SWIFT_OPTIMIZATION_LEVEL = "-O";
				VALIDATE_PRODUCT = YES;
			};
			name = Release;
		};
		E3FBB746255FED99007501C6 /* Debug */ = {
			isa = XCBuildConfiguration;
			buildSettings = {
				ASSETCATALOG_COMPILER_APPICON_NAME = AppIcon;
				ASSETCATALOG_COMPILER_GLOBAL_ACCENT_COLOR_NAME = AccentColor;
				CODE_SIGN_STYLE = Automatic;
				DEVELOPMENT_TEAM = ZSYAXC2PYL;
				INFOPLIST_FILE = WithWacth01/Info.plist;
				LD_RUNPATH_SEARCH_PATHS = (
					"$(inherited)",
					"@executable_path/Frameworks",
				);
				PRODUCT_BUNDLE_IDENTIFIER = zenoTeam.WithWacth01;
				PRODUCT_NAME = "$(TARGET_NAME)";
				SWIFT_VERSION = 5.0;
				TARGETED_DEVICE_FAMILY = "1,2";
			};
			name = Debug;
		};
		E3FBB747255FED99007501C6 /* Release */ = {
			isa = XCBuildConfiguration;
			buildSettings = {
				ASSETCATALOG_COMPILER_APPICON_NAME = AppIcon;
				ASSETCATALOG_COMPILER_GLOBAL_ACCENT_COLOR_NAME = AccentColor;
				CODE_SIGN_STYLE = Automatic;
				DEVELOPMENT_TEAM = ZSYAXC2PYL;
				INFOPLIST_FILE = WithWacth01/Info.plist;
				LD_RUNPATH_SEARCH_PATHS = (
					"$(inherited)",
					"@executable_path/Frameworks",
				);
				PRODUCT_BUNDLE_IDENTIFIER = zenoTeam.WithWacth01;
				PRODUCT_NAME = "$(TARGET_NAME)";
				SWIFT_VERSION = 5.0;
				TARGETED_DEVICE_FAMILY = "1,2";
			};
			name = Release;
		};
		E3FBB76C255FEE3B007501C6 /* Debug */ = {
			isa = XCBuildConfiguration;
			buildSettings = {
				ASSETCATALOG_COMPILER_COMPLICATION_NAME = Complication;
				CODE_SIGN_STYLE = Automatic;
				DEVELOPMENT_TEAM = ZSYAXC2PYL;
				INFOPLIST_FILE = "WithWacthApp01 Extension/Info.plist";
				LD_RUNPATH_SEARCH_PATHS = (
					"$(inherited)",
					"@executable_path/Frameworks",
					"@executable_path/../../Frameworks",
				);
				PRODUCT_BUNDLE_IDENTIFIER = zenoTeam.WithWacth01.watchkitapp.watchkitextension;
				PRODUCT_NAME = "${TARGET_NAME}";
				SDKROOT = watchos;
				SKIP_INSTALL = YES;
				SWIFT_VERSION = 5.0;
				TARGETED_DEVICE_FAMILY = 4;
				WATCHOS_DEPLOYMENT_TARGET = 7.0;
			};
			name = Debug;
		};
		E3FBB76D255FEE3B007501C6 /* Release */ = {
			isa = XCBuildConfiguration;
			buildSettings = {
				ASSETCATALOG_COMPILER_COMPLICATION_NAME = Complication;
				CODE_SIGN_STYLE = Automatic;
				DEVELOPMENT_TEAM = ZSYAXC2PYL;
				INFOPLIST_FILE = "WithWacthApp01 Extension/Info.plist";
				LD_RUNPATH_SEARCH_PATHS = (
					"$(inherited)",
					"@executable_path/Frameworks",
					"@executable_path/../../Frameworks",
				);
				PRODUCT_BUNDLE_IDENTIFIER = zenoTeam.WithWacth01.watchkitapp.watchkitextension;
				PRODUCT_NAME = "${TARGET_NAME}";
				SDKROOT = watchos;
				SKIP_INSTALL = YES;
				SWIFT_VERSION = 5.0;
				TARGETED_DEVICE_FAMILY = 4;
				WATCHOS_DEPLOYMENT_TARGET = 7.0;
			};
			name = Release;
		};
		E3FBB770255FEE3B007501C6 /* Debug */ = {
			isa = XCBuildConfiguration;
			buildSettings = {
				ALWAYS_EMBED_SWIFT_STANDARD_LIBRARIES = YES;
				ASSETCATALOG_COMPILER_APPICON_NAME = AppIcon;
				ASSETCATALOG_COMPILER_GLOBAL_ACCENT_COLOR_NAME = AccentColor;
				CODE_SIGN_STYLE = Automatic;
				DEVELOPMENT_TEAM = ZSYAXC2PYL;
				IBSC_MODULE = WithWacthApp01_Extension;
				INFOPLIST_FILE = WithWacthApp01/Info.plist;
				PRODUCT_BUNDLE_IDENTIFIER = zenoTeam.WithWacth01.watchkitapp;
				PRODUCT_NAME = "$(TARGET_NAME)";
				SDKROOT = watchos;
				SKIP_INSTALL = YES;
				SWIFT_VERSION = 5.0;
				TARGETED_DEVICE_FAMILY = 4;
				WATCHOS_DEPLOYMENT_TARGET = 7.0;
			};
			name = Debug;
		};
		E3FBB771255FEE3B007501C6 /* Release */ = {
			isa = XCBuildConfiguration;
			buildSettings = {
				ALWAYS_EMBED_SWIFT_STANDARD_LIBRARIES = YES;
				ASSETCATALOG_COMPILER_APPICON_NAME = AppIcon;
				ASSETCATALOG_COMPILER_GLOBAL_ACCENT_COLOR_NAME = AccentColor;
				CODE_SIGN_STYLE = Automatic;
				DEVELOPMENT_TEAM = ZSYAXC2PYL;
				IBSC_MODULE = WithWacthApp01_Extension;
				INFOPLIST_FILE = WithWacthApp01/Info.plist;
				PRODUCT_BUNDLE_IDENTIFIER = zenoTeam.WithWacth01.watchkitapp;
				PRODUCT_NAME = "$(TARGET_NAME)";
				SDKROOT = watchos;
				SKIP_INSTALL = YES;
				SWIFT_VERSION = 5.0;
				TARGETED_DEVICE_FAMILY = 4;
				WATCHOS_DEPLOYMENT_TARGET = 7.0;
			};
			name = Release;
		};
/* End XCBuildConfiguration section */

/* Begin XCConfigurationList section */
		E3FBB72C255FED97007501C6 /* Build configuration list for PBXProject "WithWacth01" */ = {
			isa = XCConfigurationList;
			buildConfigurations = (
				E3FBB743255FED99007501C6 /* Debug */,
				E3FBB744255FED99007501C6 /* Release */,
			);
			defaultConfigurationIsVisible = 0;
			defaultConfigurationName = Release;
		};
		E3FBB745255FED99007501C6 /* Build configuration list for PBXNativeTarget "WithWacth01" */ = {
			isa = XCConfigurationList;
			buildConfigurations = (
				E3FBB746255FED99007501C6 /* Debug */,
				E3FBB747255FED99007501C6 /* Release */,
			);
			defaultConfigurationIsVisible = 0;
			defaultConfigurationName = Release;
		};
		E3FBB76B255FEE3B007501C6 /* Build configuration list for PBXNativeTarget "WithWacthApp01 Extension" */ = {
			isa = XCConfigurationList;
			buildConfigurations = (
				E3FBB76C255FEE3B007501C6 /* Debug */,
				E3FBB76D255FEE3B007501C6 /* Release */,
			);
			defaultConfigurationIsVisible = 0;
			defaultConfigurationName = Release;
		};
		E3FBB76F255FEE3B007501C6 /* Build configuration list for PBXNativeTarget "WithWacthApp01" */ = {
			isa = XCConfigurationList;
			buildConfigurations = (
				E3FBB770255FEE3B007501C6 /* Debug */,
				E3FBB771255FEE3B007501C6 /* Release */,
			);
			defaultConfigurationIsVisible = 0;
			defaultConfigurationName = Release;
		};
/* End XCConfigurationList section */
	};
	rootObject = E3FBB729255FED97007501C6 /* Project object */;
}
